
Microsoft Visual Studio Solution File, Format Version 12.00
# Visual Studio Version 17
VisualStudioVersion = 17.0.32014.148
MinimumVisualStudioVersion = 10.0.40219.1
Project("{FAE04EC0-301F-11D3-BF4B-00C04F79EFBC}") = "WhatsOnLan.Core", "WhatsOnLan.Core\WhatsOnLan.Core.csproj", "{BE4FE98A-503E-40F5-B6B1-197E3E676CEF}"
EndProject
Project("{FAE04EC0-301F-11D3-BF4B-00C04F79EFBC}") = "WhatsOnLan.Console", "WhatsOnLan.Console\WhatsOnLan.Console.csproj", "{C63F542D-0E3E-44CB-A0AE-CCBE073C5EEB}"
EndProject
Global
	GlobalSection(SolutionConfigurationPlatforms) = preSolution
		Debug|Any CPU = Debug|Any CPU
		Release|Any CPU = Release|Any CPU
	EndGlobalSection
	GlobalSection(ProjectConfigurationPlatforms) = postSolution
		{BE4FE98A-503E-40F5-B6B1-197E3E676CEF}.Debug|Any CPU.ActiveCfg = Debug|Any CPU
		{BE4FE98A-503E-40F5-B6B1-197E3E676CEF}.Debug|Any CPU.Build.0 = Debug|Any CPU
		{BE4FE98A-503E-40F5-B6B1-197E3E676CEF}.Release|Any CPU.ActiveCfg = Release|Any CPU
		{BE4FE98A-503E-40F5-B6B1-197E3E676CEF}.Release|Any CPU.Build.0 = Release|Any CPU
		{C63F542D-0E3E-44CB-A0AE-CCBE073C5EEB}.Debug|Any CPU.ActiveCfg = Debug|Any CPU
		{C63F542D-0E3E-44CB-A0AE-CCBE073C5EEB}.Debug|Any CPU.Build.0 = Debug|Any CPU
		{C63F542D-0E3E-44CB-A0AE-CCBE073C5EEB}.Release|Any CPU.ActiveCfg = Release|Any CPU
		{C63F542D-0E3E-44CB-A0AE-CCBE073C5EEB}.Release|Any CPU.Build.0 = Release|Any CPU
	EndGlobalSection
	GlobalSection(SolutionProperties) = preSolution
		HideSolutionNode = FALSE
	EndGlobalSection
	GlobalSection(ExtensibilityGlobals) = postSolution
		SolutionGuid = {E608EFEE-F4E2-4D2D-8B78-BA415ABA8020}
	EndGlobalSection
EndGlobal
